// !$*UTF8*$!
{
	archiveVersion = 1;
	classes = {
	};
	objectVersion = 56;
	objects = {

/* Begin PBXBuildFile section */
		CF1910132AB367BE0022C942 /* AppDelegate.swift in Sources */ = {isa = PBXBuildFile; fileRef = CF1910122AB367BE0022C942 /* AppDelegate.swift */; };
		CF1910152AB367BE0022C942 /* SceneDelegate.swift in Sources */ = {isa = PBXBuildFile; fileRef = CF1910142AB367BE0022C942 /* SceneDelegate.swift */; };
		CF19101C2AB367C00022C942 /* Assets.xcassets in Resources */ = {isa = PBXBuildFile; fileRef = CF19101B2AB367C00022C942 /* Assets.xcassets */; };
		CF19101F2AB367C00022C942 /* LaunchScreen.storyboard in Resources */ = {isa = PBXBuildFile; fileRef = CF19101D2AB367C00022C942 /* LaunchScreen.storyboard */; };
		CF1910272AB383430022C942 /* MainTabBarController.swift in Sources */ = {isa = PBXBuildFile; fileRef = CF1910262AB383430022C942 /* MainTabBarController.swift */; };
		CF19102B2AB494A80022C942 /* ProfileViewController.swift in Sources */ = {isa = PBXBuildFile; fileRef = CF19102A2AB494A80022C942 /* ProfileViewController.swift */; };
		CF19102E2AB4988D0022C942 /* ChatItemViewCell.swift in Sources */ = {isa = PBXBuildFile; fileRef = CF19102D2AB4988D0022C942 /* ChatItemViewCell.swift */; };
		CF1910302AB4FEBB0022C942 /* ChatInfoViewController.swift in Sources */ = {isa = PBXBuildFile; fileRef = CF19102F2AB4FEBB0022C942 /* ChatInfoViewController.swift */; };
		CF1910332AB73F780022C942 /* ProfileInfoViewController.swift in Sources */ = {isa = PBXBuildFile; fileRef = CF1910322AB73F780022C942 /* ProfileInfoViewController.swift */; };
		CF1910352AB873490022C942 /* ChatItem.swift in Sources */ = {isa = PBXBuildFile; fileRef = CF1910342AB873490022C942 /* ChatItem.swift */; };
		CF1910372AB879480022C942 /* ChatsViewController.swift in Sources */ = {isa = PBXBuildFile; fileRef = CF1910362AB879480022C942 /* ChatsViewController.swift */; };
		CF5165022ABC771700D67306 /* LoginViewController.swift in Sources */ = {isa = PBXBuildFile; fileRef = CF5165012ABC771700D67306 /* LoginViewController.swift */; };
		CF5165042AC058CC00D67306 /* AddChatViewController.swift in Sources */ = {isa = PBXBuildFile; fileRef = CF5165032AC058CC00D67306 /* AddChatViewController.swift */; };
		CF51650E2AC7363000D67306 /* CallsListViewController.swift in Sources */ = {isa = PBXBuildFile; fileRef = CF51650D2AC7363000D67306 /* CallsListViewController.swift */; };
		CF5165102AC739F700D67306 /* CallItemTableViewCell.swift in Sources */ = {isa = PBXBuildFile; fileRef = CF51650F2AC739F700D67306 /* CallItemTableViewCell.swift */; };
		CF5165122AC73D4F00D67306 /* CallItem.swift in Sources */ = {isa = PBXBuildFile; fileRef = CF5165112AC73D4F00D67306 /* CallItem.swift */; };
		CF5165142AC8152100D67306 /* CallInfoViewController.swift in Sources */ = {isa = PBXBuildFile; fileRef = CF5165132AC8152100D67306 /* CallInfoViewController.swift */; };
		CF84372F2AD936FF00D57F0F /* StatusViewController.swift in Sources */ = {isa = PBXBuildFile; fileRef = CF84372E2AD936FF00D57F0F /* StatusViewController.swift */; };
		CF8437332AD9554D00D57F0F /* Status.swift in Sources */ = {isa = PBXBuildFile; fileRef = CF8437322AD9554D00D57F0F /* Status.swift */; };
		CF8437352AD9556300D57F0F /* Section.swift in Sources */ = {isa = PBXBuildFile; fileRef = CF8437342AD9556300D57F0F /* Section.swift */; };
		CF8437372AD9694600D57F0F /* MyStatusTableViewCell.swift in Sources */ = {isa = PBXBuildFile; fileRef = CF8437362AD9694600D57F0F /* MyStatusTableViewCell.swift */; };
		CF8437392AD9696600D57F0F /* StatusTableViewCell.swift in Sources */ = {isa = PBXBuildFile; fileRef = CF8437382AD9696600D57F0F /* StatusTableViewCell.swift */; };
/* End PBXBuildFile section */

/* Begin PBXFileReference section */
		CF19100F2AB367BE0022C942 /* IBRAHM19.app */ = {isa = PBXFileReference; explicitFileType = wrapper.application; includeInIndex = 0; path = IBRAHM19.app; sourceTree = BUILT_PRODUCTS_DIR; };
		CF1910122AB367BE0022C942 /* AppDelegate.swift */ = {isa = PBXFileReference; lastKnownFileType = sourcecode.swift; path = AppDelegate.swift; sourceTree = "<group>"; };
		CF1910142AB367BE0022C942 /* SceneDelegate.swift */ = {isa = PBXFileReference; lastKnownFileType = sourcecode.swift; path = SceneDelegate.swift; sourceTree = "<group>"; };
		CF19101B2AB367C00022C942 /* Assets.xcassets */ = {isa = PBXFileReference; lastKnownFileType = folder.assetcatalog; path = Assets.xcassets; sourceTree = "<group>"; };
		CF19101E2AB367C00022C942 /* Base */ = {isa = PBXFileReference; lastKnownFileType = file.storyboard; name = Base; path = Base.lproj/LaunchScreen.storyboard; sourceTree = "<group>"; };
		CF1910202AB367C00022C942 /* Info.plist */ = {isa = PBXFileReference; lastKnownFileType = text.plist.xml; path = Info.plist; sourceTree = "<group>"; };
		CF1910262AB383430022C942 /* MainTabBarController.swift */ = {isa = PBXFileReference; lastKnownFileType = sourcecode.swift; path = MainTabBarController.swift; sourceTree = "<group>"; };
		CF19102A2AB494A80022C942 /* ProfileViewController.swift */ = {isa = PBXFileReference; lastKnownFileType = sourcecode.swift; path = ProfileViewController.swift; sourceTree = "<group>"; };
		CF19102D2AB4988D0022C942 /* ChatItemViewCell.swift */ = {isa = PBXFileReference; lastKnownFileType = sourcecode.swift; path = ChatItemViewCell.swift; sourceTree = "<group>"; };
		CF19102F2AB4FEBB0022C942 /* ChatInfoViewController.swift */ = {isa = PBXFileReference; lastKnownFileType = sourcecode.swift; path = ChatInfoViewController.swift; sourceTree = "<group>"; };
		CF1910322AB73F780022C942 /* ProfileInfoViewController.swift */ = {isa = PBXFileReference; lastKnownFileType = sourcecode.swift; path = ProfileInfoViewController.swift; sourceTree = "<group>"; };
		CF1910342AB873490022C942 /* ChatItem.swift */ = {isa = PBXFileReference; lastKnownFileType = sourcecode.swift; path = ChatItem.swift; sourceTree = "<group>"; };
		CF1910362AB879480022C942 /* ChatsViewController.swift */ = {isa = PBXFileReference; lastKnownFileType = sourcecode.swift; path = ChatsViewController.swift; sourceTree = "<group>"; };
		CF5165012ABC771700D67306 /* LoginViewController.swift */ = {isa = PBXFileReference; lastKnownFileType = sourcecode.swift; path = LoginViewController.swift; sourceTree = "<group>"; };
		CF5165032AC058CC00D67306 /* AddChatViewController.swift */ = {isa = PBXFileReference; lastKnownFileType = sourcecode.swift; path = AddChatViewController.swift; sourceTree = "<group>"; };
		CF51650D2AC7363000D67306 /* CallsListViewController.swift */ = {isa = PBXFileReference; lastKnownFileType = sourcecode.swift; path = CallsListViewController.swift; sourceTree = "<group>"; };
		CF51650F2AC739F700D67306 /* CallItemTableViewCell.swift */ = {isa = PBXFileReference; lastKnownFileType = sourcecode.swift; path = CallItemTableViewCell.swift; sourceTree = "<group>"; };
		CF5165112AC73D4F00D67306 /* CallItem.swift */ = {isa = PBXFileReference; lastKnownFileType = sourcecode.swift; path = CallItem.swift; sourceTree = "<group>"; };
		CF5165132AC8152100D67306 /* CallInfoViewController.swift */ = {isa = PBXFileReference; lastKnownFileType = sourcecode.swift; path = CallInfoViewController.swift; sourceTree = "<group>"; };
		CF84372E2AD936FF00D57F0F /* StatusViewController.swift */ = {isa = PBXFileReference; lastKnownFileType = sourcecode.swift; path = StatusViewController.swift; sourceTree = "<group>"; };
		CF8437322AD9554D00D57F0F /* Status.swift */ = {isa = PBXFileReference; lastKnownFileType = sourcecode.swift; path = Status.swift; sourceTree = "<group>"; };
		CF8437342AD9556300D57F0F /* Section.swift */ = {isa = PBXFileReference; lastKnownFileType = sourcecode.swift; path = Section.swift; sourceTree = "<group>"; };
		CF8437362AD9694600D57F0F /* MyStatusTableViewCell.swift */ = {isa = PBXFileReference; lastKnownFileType = sourcecode.swift; path = MyStatusTableViewCell.swift; sourceTree = "<group>"; };
		CF8437382AD9696600D57F0F /* StatusTableViewCell.swift */ = {isa = PBXFileReference; lastKnownFileType = sourcecode.swift; path = StatusTableViewCell.swift; sourceTree = "<group>"; };
/* End PBXFileReference section */

/* Begin PBXFrameworksBuildPhase section */
		CF19100C2AB367BE0022C942 /* Frameworks */ = {
			isa = PBXFrameworksBuildPhase;
			buildActionMask = 2147483647;
			files = (
			);
			runOnlyForDeploymentPostprocessing = 0;
		};
/* End PBXFrameworksBuildPhase section */

/* Begin PBXGroup section */
		CF1910062AB367BE0022C942 = {
			isa = PBXGroup;
			children = (
				CF1910112AB367BE0022C942 /* IBRAHM19 */,
				CF1910102AB367BE0022C942 /* Products */,
			);
			sourceTree = "<group>";
		};
		CF1910102AB367BE0022C942 /* Products */ = {
			isa = PBXGroup;
			children = (
				CF19100F2AB367BE0022C942 /* IBRAHM19.app */,
			);
			name = Products;
			sourceTree = "<group>";
		};
		CF1910112AB367BE0022C942 /* IBRAHM19 */ = {
			isa = PBXGroup;
			children = (
				CF5165152AC99F1C00D67306 /* Status */,
				CF51650B2AC7354F00D67306 /* Calls */,
				CF1910312AB505A70022C942 /* Profile */,
				CF19102C2AB498600022C942 /* Chat */,
				CF1910122AB367BE0022C942 /* AppDelegate.swift */,
				CF1910142AB367BE0022C942 /* SceneDelegate.swift */,
				CF1910262AB383430022C942 /* MainTabBarController.swift */,
				CF5165012ABC771700D67306 /* LoginViewController.swift */,
				CF19101B2AB367C00022C942 /* Assets.xcassets */,
				CF19101D2AB367C00022C942 /* LaunchScreen.storyboard */,
				CF1910202AB367C00022C942 /* Info.plist */,
			);
			path = IBRAHM19;
			sourceTree = "<group>";
		};
		CF19102C2AB498600022C942 /* Chat */ = {
			isa = PBXGroup;
			children = (
				CF1910362AB879480022C942 /* ChatsViewController.swift */,
				CF19102D2AB4988D0022C942 /* ChatItemViewCell.swift */,
				CF1910342AB873490022C942 /* ChatItem.swift */,
				CF19102F2AB4FEBB0022C942 /* ChatInfoViewController.swift */,
				CF5165032AC058CC00D67306 /* AddChatViewController.swift */,
			);
			path = Chat;
			sourceTree = "<group>";
		};
		CF1910312AB505A70022C942 /* Profile */ = {
			isa = PBXGroup;
			children = (
				CF19102A2AB494A80022C942 /* ProfileViewController.swift */,
				CF1910322AB73F780022C942 /* ProfileInfoViewController.swift */,
			);
			path = Profile;
			sourceTree = "<group>";
		};
		CF51650B2AC7354F00D67306 /* Calls */ = {
			isa = PBXGroup;
			children = (
				CF51650D2AC7363000D67306 /* CallsListViewController.swift */,
				CF51650F2AC739F700D67306 /* CallItemTableViewCell.swift */,
				CF5165112AC73D4F00D67306 /* CallItem.swift */,
				CF5165132AC8152100D67306 /* CallInfoViewController.swift */,
			);
			path = Calls;
			sourceTree = "<group>";
		};
		CF5165152AC99F1C00D67306 /* Status */ = {
			isa = PBXGroup;
			children = (
				CF8437302AD9552600D57F0F /* Models */,
				CF84372E2AD936FF00D57F0F /* StatusViewController.swift */,
				CF8437362AD9694600D57F0F /* MyStatusTableViewCell.swift */,
				CF8437382AD9696600D57F0F /* StatusTableViewCell.swift */,
			);
			path = Status;
			sourceTree = "<group>";
		};
		CF8437302AD9552600D57F0F /* Models */ = {
			isa = PBXGroup;
			children = (
				CF8437322AD9554D00D57F0F /* Status.swift */,
				CF8437342AD9556300D57F0F /* Section.swift */,
			);
			path = Models;
			sourceTree = "<group>";
		};
/* End PBXGroup section */

/* Begin PBXNativeTarget section */
		CF19100E2AB367BE0022C942 /* IBRAHM19 */ = {
			isa = PBXNativeTarget;
			buildConfigurationList = CF1910232AB367C00022C942 /* Build configuration list for PBXNativeTarget "IBRAHM19" */;
			buildPhases = (
				CF19100B2AB367BE0022C942 /* Sources */,
				CF19100C2AB367BE0022C942 /* Frameworks */,
				CF19100D2AB367BE0022C942 /* Resources */,
			);
			buildRules = (
			);
			dependencies = (
			);
			name = IBRAHM19;
			productName = IBRAHM19;
			productReference = CF19100F2AB367BE0022C942 /* IBRAHM19.app */;
			productType = "com.apple.product-type.application";
		};
/* End PBXNativeTarget section */

/* Begin PBXProject section */
		CF1910072AB367BE0022C942 /* Project object */ = {
			isa = PBXProject;
			attributes = {
				BuildIndependentTargetsInParallel = 1;
				LastSwiftUpdateCheck = 1430;
				LastUpgradeCheck = 1430;
				TargetAttributes = {
					CF19100E2AB367BE0022C942 = {
						CreatedOnToolsVersion = 14.3.1;
					};
				};
			};
			buildConfigurationList = CF19100A2AB367BE0022C942 /* Build configuration list for PBXProject "IBRAHM19" */;
			compatibilityVersion = "Xcode 14.0";
			developmentRegion = en;
			hasScannedForEncodings = 0;
			knownRegions = (
				en,
				Base,
			);
			mainGroup = CF1910062AB367BE0022C942;
			productRefGroup = CF1910102AB367BE0022C942 /* Products */;
			projectDirPath = "";
			projectRoot = "";
			targets = (
				CF19100E2AB367BE0022C942 /* IBRAHM19 */,
			);
		};
/* End PBXProject section */

/* Begin PBXResourcesBuildPhase section */
		CF19100D2AB367BE0022C942 /* Resources */ = {
			isa = PBXResourcesBuildPhase;
			buildActionMask = 2147483647;
			files = (
				CF19101F2AB367C00022C942 /* LaunchScreen.storyboard in Resources */,
				CF19101C2AB367C00022C942 /* Assets.xcassets in Resources */,
			);
			runOnlyForDeploymentPostprocessing = 0;
		};
/* End PBXResourcesBuildPhase section */

/* Begin PBXSourcesBuildPhase section */
		CF19100B2AB367BE0022C942 /* Sources */ = {
			isa = PBXSourcesBuildPhase;
			buildActionMask = 2147483647;
			files = (
				CF1910132AB367BE0022C942 /* AppDelegate.swift in Sources */,
				CF1910152AB367BE0022C942 /* SceneDelegate.swift in Sources */,
				CF51650E2AC7363000D67306 /* CallsListViewController.swift in Sources */,
				CF5165142AC8152100D67306 /* CallInfoViewController.swift in Sources */,
				CF1910372AB879480022C942 /* ChatsViewController.swift in Sources */,
				CF19102E2AB4988D0022C942 /* ChatItemViewCell.swift in Sources */,
				CF19102B2AB494A80022C942 /* ProfileViewController.swift in Sources */,
				CF8437352AD9556300D57F0F /* Section.swift in Sources */,
				CF1910302AB4FEBB0022C942 /* ChatInfoViewController.swift in Sources */,
				CF84372F2AD936FF00D57F0F /* StatusViewController.swift in Sources */,
				CF1910332AB73F780022C942 /* ProfileInfoViewController.swift in Sources */,
				CF8437392AD9696600D57F0F /* StatusTableViewCell.swift in Sources */,
				CF1910352AB873490022C942 /* ChatItem.swift in Sources */,
				CF8437332AD9554D00D57F0F /* Status.swift in Sources */,
				CF5165122AC73D4F00D67306 /* CallItem.swift in Sources */,
				CF1910272AB383430022C942 /* MainTabBarController.swift in Sources */,
				CF8437372AD9694600D57F0F /* MyStatusTableViewCell.swift in Sources */,
				CF5165042AC058CC00D67306 /* AddChatViewController.swift in Sources */,
				CF5165102AC739F700D67306 /* CallItemTableViewCell.swift in Sources */,
				CF5165022ABC771700D67306 /* LoginViewController.swift in Sources */,
			);
			runOnlyForDeploymentPostprocessing = 0;
		};
/* End PBXSourcesBuildPhase section */

/* Begin PBXVariantGroup section */
		CF19101D2AB367C00022C942 /* LaunchScreen.storyboard */ = {
			isa = PBXVariantGroup;
			children = (
				CF19101E2AB367C00022C942 /* Base */,
			);
			name = LaunchScreen.storyboard;
			sourceTree = "<group>";
		};
/* End PBXVariantGroup section */

/* Begin XCBuildConfiguration section */
		CF1910212AB367C00022C942 /* Debug */ = {
			isa = XCBuildConfiguration;
			buildSettings = {
				ALWAYS_SEARCH_USER_PATHS = NO;
				CLANG_ANALYZER_NONNULL = YES;
				CLANG_ANALYZER_NUMBER_OBJECT_CONVERSION = YES_AGGRESSIVE;
				CLANG_CXX_LANGUAGE_STANDARD = "gnu++20";
				CLANG_ENABLE_MODULES = YES;
				CLANG_ENABLE_OBJC_ARC = YES;
				CLANG_ENABLE_OBJC_WEAK = YES;
				CLANG_WARN_BLOCK_CAPTURE_AUTORELEASING = YES;
				CLANG_WARN_BOOL_CONVERSION = YES;
				CLANG_WARN_COMMA = YES;
				CLANG_WARN_CONSTANT_CONVERSION = YES;
				CLANG_WARN_DEPRECATED_OBJC_IMPLEMENTATIONS = YES;
				CLANG_WARN_DIRECT_OBJC_ISA_USAGE = YES_ERROR;
				CLANG_WARN_DOCUMENTATION_COMMENTS = YES;
				CLANG_WARN_EMPTY_BODY = YES;
				CLANG_WARN_ENUM_CONVERSION = YES;
				CLANG_WARN_INFINITE_RECURSION = YES;
				CLANG_WARN_INT_CONVERSION = YES;
				CLANG_WARN_NON_LITERAL_NULL_CONVERSION = YES;
				CLANG_WARN_OBJC_IMPLICIT_RETAIN_SELF = YES;
				CLANG_WARN_OBJC_LITERAL_CONVERSION = YES;
				CLANG_WARN_OBJC_ROOT_CLASS = YES_ERROR;
				CLANG_WARN_QUOTED_INCLUDE_IN_FRAMEWORK_HEADER = YES;
				CLANG_WARN_RANGE_LOOP_ANALYSIS = YES;
				CLANG_WARN_STRICT_PROTOTYPES = YES;
				CLANG_WARN_SUSPICIOUS_MOVE = YES;
				CLANG_WARN_UNGUARDED_AVAILABILITY = YES_AGGRESSIVE;
				CLANG_WARN_UNREACHABLE_CODE = YES;
				CLANG_WARN__DUPLICATE_METHOD_MATCH = YES;
				COPY_PHASE_STRIP = NO;
				DEBUG_INFORMATION_FORMAT = dwarf;
				ENABLE_STRICT_OBJC_MSGSEND = YES;
				ENABLE_TESTABILITY = YES;
				GCC_C_LANGUAGE_STANDARD = gnu11;
				GCC_DYNAMIC_NO_PIC = NO;
				GCC_NO_COMMON_BLOCKS = YES;
				GCC_OPTIMIZATION_LEVEL = 0;
				GCC_PREPROCESSOR_DEFINITIONS = (
					"DEBUG=1",
					"$(inherited)",
				);
				GCC_WARN_64_TO_32_BIT_CONVERSION = YES;
				GCC_WARN_ABOUT_RETURN_TYPE = YES_ERROR;
				GCC_WARN_UNDECLARED_SELECTOR = YES;
				GCC_WARN_UNINITIALIZED_AUTOS = YES_AGGRESSIVE;
				GCC_WARN_UNUSED_FUNCTION = YES;
				GCC_WARN_UNUSED_VARIABLE = YES;
				IPHONEOS_DEPLOYMENT_TARGET = 16.4;
				MTL_ENABLE_DEBUG_INFO = INCLUDE_SOURCE;
				MTL_FAST_MATH = YES;
				ONLY_ACTIVE_ARCH = YES;
				SDKROOT = iphoneos;
				SWIFT_ACTIVE_COMPILATION_CONDITIONS = DEBUG;
				SWIFT_OPTIMIZATION_LEVEL = "-Onone";
			};
			name = Debug;
		};
		CF1910222AB367C00022C942 /* Release */ = {
			isa = XCBuildConfiguration;
			buildSettings = {
				ALWAYS_SEARCH_USER_PATHS = NO;
				CLANG_ANALYZER_NONNULL = YES;
				CLANG_ANALYZER_NUMBER_OBJECT_CONVERSION = YES_AGGRESSIVE;
				CLANG_CXX_LANGUAGE_STANDARD = "gnu++20";
				CLANG_ENABLE_MODULES = YES;
				CLANG_ENABLE_OBJC_ARC = YES;
				CLANG_ENABLE_OBJC_WEAK = YES;
				CLANG_WARN_BLOCK_CAPTURE_AUTORELEASING = YES;
				CLANG_WARN_BOOL_CONVERSION = YES;
				CLANG_WARN_COMMA = YES;
				CLANG_WARN_CONSTANT_CONVERSION = YES;
				CLANG_WARN_DEPRECATED_OBJC_IMPLEMENTATIONS = YES;
				CLANG_WARN_DIRECT_OBJC_ISA_USAGE = YES_ERROR;
				CLANG_WARN_DOCUMENTATION_COMMENTS = YES;
				CLANG_WARN_EMPTY_BODY = YES;
				CLANG_WARN_ENUM_CONVERSION = YES;
				CLANG_WARN_INFINITE_RECURSION = YES;
				CLANG_WARN_INT_CONVERSION = YES;
				CLANG_WARN_NON_LITERAL_NULL_CONVERSION = YES;
				CLANG_WARN_OBJC_IMPLICIT_RETAIN_SELF = YES;
				CLANG_WARN_OBJC_LITERAL_CONVERSION = YES;
				CLANG_WARN_OBJC_ROOT_CLASS = YES_ERROR;
				CLANG_WARN_QUOTED_INCLUDE_IN_FRAMEWORK_HEADER = YES;
				CLANG_WARN_RANGE_LOOP_ANALYSIS = YES;
				CLANG_WARN_STRICT_PROTOTYPES = YES;
				CLANG_WARN_SUSPICIOUS_MOVE = YES;
				CLANG_WARN_UNGUARDED_AVAILABILITY = YES_AGGRESSIVE;
				CLANG_WARN_UNREACHABLE_CODE = YES;
				CLANG_WARN__DUPLICATE_METHOD_MATCH = YES;
				COPY_PHASE_STRIP = NO;
				DEBUG_INFORMATION_FORMAT = "dwarf-with-dsym";
				ENABLE_NS_ASSERTIONS = NO;
				ENABLE_STRICT_OBJC_MSGSEND = YES;
				GCC_C_LANGUAGE_STANDARD = gnu11;
				GCC_NO_COMMON_BLOCKS = YES;
				GCC_WARN_64_TO_32_BIT_CONVERSION = YES;
				GCC_WARN_ABOUT_RETURN_TYPE = YES_ERROR;
				GCC_WARN_UNDECLARED_SELECTOR = YES;
				GCC_WARN_UNINITIALIZED_AUTOS = YES_AGGRESSIVE;
				GCC_WARN_UNUSED_FUNCTION = YES;
				GCC_WARN_UNUSED_VARIABLE = YES;
				IPHONEOS_DEPLOYMENT_TARGET = 16.4;
				MTL_ENABLE_DEBUG_INFO = NO;
				MTL_FAST_MATH = YES;
				SDKROOT = iphoneos;
				SWIFT_COMPILATION_MODE = wholemodule;
				SWIFT_OPTIMIZATION_LEVEL = "-O";
				VALIDATE_PRODUCT = YES;
			};
			name = Release;
		};
		CF1910242AB367C00022C942 /* Debug */ = {
			isa = XCBuildConfiguration;
			buildSettings = {
				ASSETCATALOG_COMPILER_APPICON_NAME = AppIcon;
				ASSETCATALOG_COMPILER_GLOBAL_ACCENT_COLOR_NAME = AccentColor;
				CODE_SIGN_STYLE = Automatic;
				CURRENT_PROJECT_VERSION = 1;
				DEVELOPMENT_TEAM = JVQ222WBQ7;
				GENERATE_INFOPLIST_FILE = YES;
				INFOPLIST_FILE = IBRAHM19/Info.plist;
				INFOPLIST_KEY_UIApplicationSupportsIndirectInputEvents = YES;
				INFOPLIST_KEY_UILaunchStoryboardName = LaunchScreen;
				INFOPLIST_KEY_UIMainStoryboardFile = "";
				INFOPLIST_KEY_UISupportedInterfaceOrientations_iPad = "UIInterfaceOrientationPortrait UIInterfaceOrientationPortraitUpsideDown UIInterfaceOrientationLandscapeLeft UIInterfaceOrientationLandscapeRight";
				INFOPLIST_KEY_UISupportedInterfaceOrientations_iPhone = "UIInterfaceOrientationPortrait UIInterfaceOrientationLandscapeLeft UIInterfaceOrientationLandscapeRight";
				LD_RUNPATH_SEARCH_PATHS = (
					"$(inherited)",
					"@executable_path/Frameworks",
				);
				MARKETING_VERSION = 1.0;
				PRODUCT_BUNDLE_IDENTIFIER = TAI.IBRAHM19;
				PRODUCT_NAME = "$(TARGET_NAME)";
				SUPPORTED_PLATFORMS = "iphoneos iphonesimulator";
				SUPPORTS_MACCATALYST = NO;
				SUPPORTS_MAC_DESIGNED_FOR_IPHONE_IPAD = NO;
				SWIFT_EMIT_LOC_STRINGS = YES;
				SWIFT_VERSION = 5.0;
				TARGETED_DEVICE_FAMILY = 1;
			};
			name = Debug;
		};
		CF1910252AB367C00022C942 /* Release */ = {
			isa = XCBuildConfiguration;
			buildSettings = {
				ASSETCATALOG_COMPILER_APPICON_NAME = AppIcon;
				ASSETCATALOG_COMPILER_GLOBAL_ACCENT_COLOR_NAME = AccentColor;
				CODE_SIGN_STYLE = Automatic;
				CURRENT_PROJECT_VERSION = 1;
				DEVELOPMENT_TEAM = JVQ222WBQ7;
				GENERATE_INFOPLIST_FILE = YES;
				INFOPLIST_FILE = IBRAHM19/Info.plist;
				INFOPLIST_KEY_UIApplicationSupportsIndirectInputEvents = YES;
				INFOPLIST_KEY_UILaunchStoryboardName = LaunchScreen;
				INFOPLIST_KEY_UIMainStoryboardFile = "";
				INFOPLIST_KEY_UISupportedInterfaceOrientations_iPad = "UIInterfaceOrientationPortrait UIInterfaceOrientationPortraitUpsideDown UIInterfaceOrientationLandscapeLeft UIInterfaceOrientationLandscapeRight";
				INFOPLIST_KEY_UISupportedInterfaceOrientations_iPhone = "UIInterfaceOrientationPortrait UIInterfaceOrientationLandscapeLeft UIInterfaceOrientationLandscapeRight";
				LD_RUNPATH_SEARCH_PATHS = (
					"$(inherited)",
					"@executable_path/Frameworks",
				);
				MARKETING_VERSION = 1.0;
				PRODUCT_BUNDLE_IDENTIFIER = TAI.IBRAHM19;
				PRODUCT_NAME = "$(TARGET_NAME)";
				SUPPORTED_PLATFORMS = "iphoneos iphonesimulator";
				SUPPORTS_MACCATALYST = NO;
				SUPPORTS_MAC_DESIGNED_FOR_IPHONE_IPAD = NO;
				SWIFT_EMIT_LOC_STRINGS = YES;
				SWIFT_VERSION = 5.0;
				TARGETED_DEVICE_FAMILY = 1;
			};
			name = Release;
		};
/* End XCBuildConfiguration section */

/* Begin XCConfigurationList section */
		CF19100A2AB367BE0022C942 /* Build configuration list for PBXProject "IBRAHM19" */ = {
			isa = XCConfigurationList;
			buildConfigurations = (
				CF1910212AB367C00022C942 /* Debug */,
				CF1910222AB367C00022C942 /* Release */,
			);
			defaultConfigurationIsVisible = 0;
			defaultConfigurationName = Release;
		};
		CF1910232AB367C00022C942 /* Build configuration list for PBXNativeTarget "IBRAHM19" */ = {
			isa = XCConfigurationList;
			buildConfigurations = (
				CF1910242AB367C00022C942 /* Debug */,
				CF1910252AB367C00022C942 /* Release */,
			);
			defaultConfigurationIsVisible = 0;
			defaultConfigurationName = Release;
		};
/* End XCConfigurationList section */
	};
	rootObject = CF1910072AB367BE0022C942 /* Project object */;
}
